
Microsoft Visual Studio Solution File, Format Version 12.00
# Visual Studio Version 17
VisualStudioVersion = 17.11.35327.3
MinimumVisualStudioVersion = 10.0.40219.1
Project("{9A19103F-16F7-4668-BE54-9A1E7A4F7556}") = "Minesweeper.Gui", "Minesweeper.Gui\Minesweeper.Gui.csproj", "{EBD9C62C-A4D3-4C2E-8B78-574C5F67DFB5}"
EndProject
Project("{9A19103F-16F7-4668-BE54-9A1E7A4F7556}") = "Minesweeper.Logic", "Minesweeper.Logic\Minesweeper.Logic.csproj", "{237262AA-F6CF-4E08-BF69-F05425C32481}"
EndProject
Global
	GlobalSection(SolutionConfigurationPlatforms) = preSolution
		Debug|Any CPU = Debug|Any CPU
		Release|Any CPU = Release|Any CPU
	EndGlobalSection
	GlobalSection(ProjectConfigurationPlatforms) = postSolution
		{EBD9C62C-A4D3-4C2E-8B78-574C5F67DFB5}.Debug|Any CPU.ActiveCfg = Debug|Any CPU
		{EBD9C62C-A4D3-4C2E-8B78-574C5F67DFB5}.Debug|Any CPU.Build.0 = Debug|Any CPU
		{EBD9C62C-A4D3-4C2E-8B78-574C5F67DFB5}.Release|Any CPU.ActiveCfg = Release|Any CPU
		{EBD9C62C-A4D3-4C2E-8B78-574C5F67DFB5}.Release|Any CPU.Build.0 = Release|Any CPU
		{237262AA-F6CF-4E08-BF69-F05425C32481}.Debug|Any CPU.ActiveCfg = Debug|Any CPU
		{237262AA-F6CF-4E08-BF69-F05425C32481}.Debug|Any CPU.Build.0 = Debug|Any CPU
		{237262AA-F6CF-4E08-BF69-F05425C32481}.Release|Any CPU.ActiveCfg = Release|Any CPU
		{237262AA-F6CF-4E08-BF69-F05425C32481}.Release|Any CPU.Build.0 = Release|Any CPU
	EndGlobalSection
	GlobalSection(SolutionProperties) = preSolution
		HideSolutionNode = FALSE
	EndGlobalSection
	GlobalSection(ExtensibilityGlobals) = postSolution
		SolutionGuid = {1B4E4859-AFD0-49D1-BDBB-2EEADCBE2814}
	EndGlobalSection
EndGlobal
